
Microsoft Visual Studio Solution File, Format Version 12.00
# Visual Studio 15
VisualStudioVersion = 15.0.27703.2000
MinimumVisualStudioVersion = 10.0.40219.1
Project("{FAE04EC0-301F-11D3-BF4B-00C04F79EFBC}") = "ConsoleApp12", "ConsoleApp12\ConsoleApp12.csproj", "{F24B6160-CD32-445E-ACEA-6C8A889EF683}"
EndProject
Project("{FAE04EC0-301F-11D3-BF4B-00C04F79EFBC}") = "test_cases", "test_cases\test_cases.csproj", "{72F1491D-444C-485A-B78A-1202F0D3DA0C}"
EndProject
Global
	GlobalSection(SolutionConfigurationPlatforms) = preSolution
		Debug|Any CPU = Debug|Any CPU
		Release|Any CPU = Release|Any CPU
	EndGlobalSection
	GlobalSection(ProjectConfigurationPlatforms) = postSolution
		{F24B6160-CD32-445E-ACEA-6C8A889EF683}.Debug|Any CPU.ActiveCfg = Debug|Any CPU
		{F24B6160-CD32-445E-ACEA-6C8A889EF683}.Debug|Any CPU.Build.0 = Debug|Any CPU
		{F24B6160-CD32-445E-ACEA-6C8A889EF683}.Release|Any CPU.ActiveCfg = Release|Any CPU
		{F24B6160-CD32-445E-ACEA-6C8A889EF683}.Release|Any CPU.Build.0 = Release|Any CPU
		{72F1491D-444C-485A-B78A-1202F0D3DA0C}.Debug|Any CPU.ActiveCfg = Debug|Any CPU
		{72F1491D-444C-485A-B78A-1202F0D3DA0C}.Debug|Any CPU.Build.0 = Debug|Any CPU
		{72F1491D-444C-485A-B78A-1202F0D3DA0C}.Release|Any CPU.ActiveCfg = Release|Any CPU
		{72F1491D-444C-485A-B78A-1202F0D3DA0C}.Release|Any CPU.Build.0 = Release|Any CPU
	EndGlobalSection
	GlobalSection(SolutionProperties) = preSolution
		HideSolutionNode = FALSE
	EndGlobalSection
	GlobalSection(ExtensibilityGlobals) = postSolution
		SolutionGuid = {92C74F2F-21D2-4A09-BA5B-4B32F9B19484}
	EndGlobalSection
EndGlobal
